
Microsoft Visual Studio Solution File, Format Version 12.00
# Visual Studio Version 17
VisualStudioVersion = 17.14.36202.13 d17.14
MinimumVisualStudioVersion = 10.0.40219.1
Project("{FAE04EC0-301F-11D3-BF4B-00C04F79EFBC}") = "SOLID_UPPER", "SOLID - UPPER\SOLID_UPPER.csproj", "{37BBCDB3-83F2-4127-8D1B-1B1701A72123}"
EndProject
Global
	GlobalSection(SolutionConfigurationPlatforms) = preSolution
		Debug|Any CPU = Debug|Any CPU
		Release|Any CPU = Release|Any CPU
	EndGlobalSection
	GlobalSection(ProjectConfigurationPlatforms) = postSolution
		{37BBCDB3-83F2-4127-8D1B-1B1701A72123}.Debug|Any CPU.ActiveCfg = Debug|Any CPU
		{37BBCDB3-83F2-4127-8D1B-1B1701A72123}.Debug|Any CPU.Build.0 = Debug|Any CPU
		{37BBCDB3-83F2-4127-8D1B-1B1701A72123}.Release|Any CPU.ActiveCfg = Release|Any CPU
		{37BBCDB3-83F2-4127-8D1B-1B1701A72123}.Release|Any CPU.Build.0 = Release|Any CPU
	EndGlobalSection
	GlobalSection(SolutionProperties) = preSolution
		HideSolutionNode = FALSE
	EndGlobalSection
	GlobalSection(ExtensibilityGlobals) = postSolution
		SolutionGuid = {4BEE7ED3-3D2B-4788-B18C-EC76311EFF7D}
	EndGlobalSection
EndGlobal
